{
  "name": "barnes-hut-tree-builder-tester",
  "version": "0.0.1",
  "lockfileVersion": 1,
  "requires": true,
  "dependencies": {
    "barnes-hut-tree-builder": {
      "version": "0.0.17",
      "resolved": "https://registry.npmjs.org/barnes-hut-tree-builder/-/barnes-hut-tree-builder-0.0.17.tgz",
      "integrity": "sha512-Nx1YBpec631HDOo+eQyEWMlRixK1SgmksS6upUnl2Fu0hq+qm84yPiJC5j66ke1qPEBXj/9OvAyiB2/4FDhh9A==",
      "requires": {
        "core-js": "^3.6.4",
        "regenerator-runtime": "^0.13.3"
      }
    },
    "core-js": {
      "version": "3.6.4",
      "resolved": "https://registry.npmjs.org/core-js/-/core-js-3.6.4.tgz",
      "integrity": "sha512-4paDGScNgZP2IXXilaffL9X7968RuvwlkK3xWtZRVqgd8SYNiVKRJvkFd1aqqEuPfN7E68ZHEp9hDj6lHj4Hyw=="
    },
    "regenerator-runtime": {
      "version": "0.13.3",
      "resolved": "https://registry.npmjs.org/regenerator-runtime/-/regenerator-runtime-0.13.3.tgz",
      "integrity": "sha512-naKIZz2GQ8JWh///G7L3X6LaQUAMp2lvb1rvwwsURe/VXwD6VMfr+/1NuNw3ag8v2kY1aQ/go5SNn79O9JU7yw=="
    }
  }
}
